{
  "nodes": {
    "nixpkgs": {
      "locked": {
        "lastModified": 1786599213,
        "narHash": "sha256-yNJd40f11EzXBjSByCB7IPpeFFAdeoSKKM67dGkfFoU=",
        "owner": "NixOS",
        "repo": "nixpkgs",
        "rev": "0e251e24a4f24e036a084b6b4b2d2491af4167f4",
        "type": "github"
      },
      "original": {
        "owner": "NixOS",
        "ref": "nixos-unstable",
        "repo": "nixpkgs",
        "type": "github"
      }
    },
    "rocknix": {
      "flake": false,
      "locked": {
        "lastModified": 1788558631,
        "narHash": "sha256-hYPKTi14hjL/xIkdXuYBH/4FP4cBBmf9z30Z1PFixiw=",
        "owner": "ROCKNIX",
        "repo": "distribution",
        "rev": "1178bc2238de782bf081c558c177d35bb3690021",
        "type": "github"
      },
      "original": {
        "owner": "ROCKNIX",
        "ref": "next",
        "repo": "distribution",
        "type": "github"
      }
    },
    "rocknix-joypad": {
      "flake": false,
      "locked": {
        "lastModified": 1786650830,
        "narHash": "sha256-CPuvujQhfnrfYO6GnlrwbEeTpzTciKaoDfoOn3V+BrE=",
        "owner": "ROCKNIX",
        "repo": "rocknix-joypad",
        "rev": "1dd1115c8d231ba934253efb91ffb0c6ad8e993d",
        "type": "github"
      },
      "original": {
        "owner": "ROCKNIX",
        "repo": "rocknix-joypad",
        "type": "github"
      }
    },
    "root": {
      "inputs": {
        "nixpkgs": "nixpkgs",
        "rocknix": "rocknix",
        "rocknix-joypad": "rocknix-joypad"
      }
    }
  },
  "root": "root",
  "version": 7
}
