{
  "nodes": {
    "nixpkgs": {
      "locked": {
        "lastModified": 1786599213,
        "narHash": "sha256-yNJd40f11EzXBjSByCB7IPpeFFAdeoSKKM67dGkfFoU=",
        "owner": "NixOS",
        "repo": "nixpkgs",
        "rev": "0e251e24a4f24e036a084b6b4b2d2491af4167f4",
        "type": "github"
      },
      "original": {
        "owner": "NixOS",
        "ref": "nixos-unstable",
        "repo": "nixpkgs",
        "type": "github"
      }
    },
    "rocknix": {
      "flake": false,
      "locked": {
        "lastModified": 1786694441,
        "narHash": "sha256-UPw7fLXxikq5g0hEAu9pbUc7CnCBEM3l3j0ByVXMuDI=",
        "owner": "ROCKNIX",
        "repo": "distribution",
        "rev": "154e275e357d3dc731d3b05494f1216a7a4a95c2",
        "type": "github"
      },
      "original": {
        "owner": "ROCKNIX",
        "ref": "next",
        "repo": "distribution",
        "type": "github"
      }
    },
    "root": {
      "inputs": {
        "nixpkgs": "nixpkgs",
        "rocknix": "rocknix"
      }
    }
  },
  "root": "root",
  "version": 7
}
