{
  "nodes": {
    "nixpkgs": {
      "locked": {
        "lastModified": 1785454630,
        "narHash": "sha256-LQy14TZp77TwbQf40gg1V3jo8FwJG0jGDkAH+zRHqg8=",
        "owner": "NixOS",
        "repo": "nixpkgs",
        "rev": "1559d3daa3ecc813a650b79375ea61b6741b8746",
        "type": "github"
      },
      "original": {
        "owner": "NixOS",
        "ref": "nixos-unstable",
        "repo": "nixpkgs",
        "type": "github"
      }
    },
    "rocknix": {
      "flake": false,
      "locked": {
        "lastModified": 1786108047,
        "narHash": "sha256-U9u33/cOENGbiJN2hDhBmAZ4PVno0QUaDRqRwpM0zrw=",
        "owner": "ROCKNIX",
        "repo": "distribution",
        "rev": "8a3527be1f99346a4f51ce6481aea763e5b204b2",
        "type": "github"
      },
      "original": {
        "owner": "ROCKNIX",
        "ref": "next",
        "repo": "distribution",
        "type": "github"
      }
    },
    "root": {
      "inputs": {
        "nixpkgs": "nixpkgs",
        "rocknix": "rocknix"
      }
    }
  },
  "root": "root",
  "version": 7
}
